// !$*UTF8*$!
{
	archiveVersion = 1;
	classes = {
	};
	objectVersion = 50;
	objects = {

/* Begin PBXBuildFile section */
		7180B41B262F5E8400EA4146 /* AppDelegate.swift in Sources */ = {isa = PBXBuildFile; fileRef = 7180B41A262F5E8400EA4146 /* AppDelegate.swift */; };
		7180B41D262F5E8400EA4146 /* SceneDelegate.swift in Sources */ = {isa = PBXBuildFile; fileRef = 7180B41C262F5E8400EA4146 /* SceneDelegate.swift */; };
		7180B41F262F5E8400EA4146 /* ListVC.swift in Sources */ = {isa = PBXBuildFile; fileRef = 7180B41E262F5E8400EA4146 /* ListVC.swift */; };
		7180B424262F5E8800EA4146 /* Assets.xcassets in Resources */ = {isa = PBXBuildFile; fileRef = 7180B423262F5E8800EA4146 /* Assets.xcassets */; };
		7180B427262F5E8800EA4146 /* LaunchScreen.storyboard in Resources */ = {isa = PBXBuildFile; fileRef = 7180B425262F5E8800EA4146 /* LaunchScreen.storyboard */; };
		7180B443262F624300EA4146 /* PostCell.swift in Sources */ = {isa = PBXBuildFile; fileRef = 7180B436262F606700EA4146 /* PostCell.swift */; };
		7180B445262F624F00EA4146 /* PBTitleLabel.swift in Sources */ = {isa = PBXBuildFile; fileRef = 7180B433262F604D00EA4146 /* PBTitleLabel.swift */; };
		7180B44E262F682D00EA4146 /* PBImageView.swift in Sources */ = {isa = PBXBuildFile; fileRef = 7180B44D262F682D00EA4146 /* PBImageView.swift */; };
		7180B452262F7A8600EA4146 /* Post.swift in Sources */ = {isa = PBXBuildFile; fileRef = 7180B451262F7A8600EA4146 /* Post.swift */; };
		7180B455262FF26100EA4146 /* NetworkManager.swift in Sources */ = {isa = PBXBuildFile; fileRef = 7180B454262FF26100EA4146 /* NetworkManager.swift */; };
		7180B4572630239500EA4146 /* PBProgressView.swift in Sources */ = {isa = PBXBuildFile; fileRef = 7180B434262F604D00EA4146 /* PBProgressView.swift */; };
		7180B459263047FF00EA4146 /* PBButton.swift in Sources */ = {isa = PBXBuildFile; fileRef = 7180B432262F604D00EA4146 /* PBButton.swift */; };
/* End PBXBuildFile section */

/* Begin PBXFileReference section */
		7180B417262F5E8400EA4146 /* ImagesTableProgress.app */ = {isa = PBXFileReference; explicitFileType = wrapper.application; includeInIndex = 0; path = ImagesTableProgress.app; sourceTree = BUILT_PRODUCTS_DIR; };
		7180B41A262F5E8400EA4146 /* AppDelegate.swift */ = {isa = PBXFileReference; lastKnownFileType = sourcecode.swift; path = AppDelegate.swift; sourceTree = "<group>"; };
		7180B41C262F5E8400EA4146 /* SceneDelegate.swift */ = {isa = PBXFileReference; lastKnownFileType = sourcecode.swift; path = SceneDelegate.swift; sourceTree = "<group>"; };
		7180B41E262F5E8400EA4146 /* ListVC.swift */ = {isa = PBXFileReference; lastKnownFileType = sourcecode.swift; path = ListVC.swift; sourceTree = "<group>"; };
		7180B423262F5E8800EA4146 /* Assets.xcassets */ = {isa = PBXFileReference; lastKnownFileType = folder.assetcatalog; path = Assets.xcassets; sourceTree = "<group>"; };
		7180B426262F5E8800EA4146 /* Base */ = {isa = PBXFileReference; lastKnownFileType = file.storyboard; name = Base; path = Base.lproj/LaunchScreen.storyboard; sourceTree = "<group>"; };
		7180B428262F5E8800EA4146 /* Info.plist */ = {isa = PBXFileReference; lastKnownFileType = text.plist.xml; path = Info.plist; sourceTree = "<group>"; };
		7180B432262F604D00EA4146 /* PBButton.swift */ = {isa = PBXFileReference; lastKnownFileType = sourcecode.swift; path = PBButton.swift; sourceTree = "<group>"; };
		7180B433262F604D00EA4146 /* PBTitleLabel.swift */ = {isa = PBXFileReference; lastKnownFileType = sourcecode.swift; path = PBTitleLabel.swift; sourceTree = "<group>"; };
		7180B434262F604D00EA4146 /* PBProgressView.swift */ = {isa = PBXFileReference; lastKnownFileType = sourcecode.swift; path = PBProgressView.swift; sourceTree = "<group>"; };
		7180B436262F606700EA4146 /* PostCell.swift */ = {isa = PBXFileReference; lastKnownFileType = sourcecode.swift; path = PostCell.swift; sourceTree = "<group>"; };
		7180B44D262F682D00EA4146 /* PBImageView.swift */ = {isa = PBXFileReference; lastKnownFileType = sourcecode.swift; path = PBImageView.swift; sourceTree = "<group>"; };
		7180B451262F7A8600EA4146 /* Post.swift */ = {isa = PBXFileReference; lastKnownFileType = sourcecode.swift; path = Post.swift; sourceTree = "<group>"; };
		7180B454262FF26100EA4146 /* NetworkManager.swift */ = {isa = PBXFileReference; lastKnownFileType = sourcecode.swift; path = NetworkManager.swift; sourceTree = "<group>"; };
/* End PBXFileReference section */

/* Begin PBXFrameworksBuildPhase section */
		7180B414262F5E8400EA4146 /* Frameworks */ = {
			isa = PBXFrameworksBuildPhase;
			buildActionMask = 2147483647;
			files = (
			);
			runOnlyForDeploymentPostprocessing = 0;
		};
/* End PBXFrameworksBuildPhase section */

/* Begin PBXGroup section */
		7180B40E262F5E8400EA4146 = {
			isa = PBXGroup;
			children = (
				7180B419262F5E8400EA4146 /* ImagesTableProgress */,
				7180B418262F5E8400EA4146 /* Products */,
			);
			sourceTree = "<group>";
		};
		7180B418262F5E8400EA4146 /* Products */ = {
			isa = PBXGroup;
			children = (
				7180B417262F5E8400EA4146 /* ImagesTableProgress.app */,
			);
			name = Products;
			sourceTree = "<group>";
		};
		7180B419262F5E8400EA4146 /* ImagesTableProgress */ = {
			isa = PBXGroup;
			children = (
				7180B41A262F5E8400EA4146 /* AppDelegate.swift */,
				7180B41C262F5E8400EA4146 /* SceneDelegate.swift */,
				7180B448262F62CC00EA4146 /* Network */,
				7180B447262F62AA00EA4146 /* Modal */,
				7180B45E2630C42800EA4146 /* Screen */,
				7180B435262F606700EA4146 /* Cell */,
				7180B431262F604D00EA4146 /* CustomView */,
				7180B423262F5E8800EA4146 /* Assets.xcassets */,
				7180B425262F5E8800EA4146 /* LaunchScreen.storyboard */,
				7180B428262F5E8800EA4146 /* Info.plist */,
			);
			path = ImagesTableProgress;
			sourceTree = "<group>";
		};
		7180B431262F604D00EA4146 /* CustomView */ = {
			isa = PBXGroup;
			children = (
				7180B432262F604D00EA4146 /* PBButton.swift */,
				7180B433262F604D00EA4146 /* PBTitleLabel.swift */,
				7180B434262F604D00EA4146 /* PBProgressView.swift */,
				7180B44D262F682D00EA4146 /* PBImageView.swift */,
			);
			path = CustomView;
			sourceTree = "<group>";
		};
		7180B435262F606700EA4146 /* Cell */ = {
			isa = PBXGroup;
			children = (
				7180B436262F606700EA4146 /* PostCell.swift */,
			);
			path = Cell;
			sourceTree = "<group>";
		};
		7180B447262F62AA00EA4146 /* Modal */ = {
			isa = PBXGroup;
			children = (
				7180B451262F7A8600EA4146 /* Post.swift */,
			);
			path = Modal;
			sourceTree = "<group>";
		};
		7180B448262F62CC00EA4146 /* Network */ = {
			isa = PBXGroup;
			children = (
				7180B454262FF26100EA4146 /* NetworkManager.swift */,
			);
			path = Network;
			sourceTree = "<group>";
		};
		7180B45E2630C42800EA4146 /* Screen */ = {
			isa = PBXGroup;
			children = (
				7180B41E262F5E8400EA4146 /* ListVC.swift */,
			);
			path = Screen;
			sourceTree = "<group>";
		};
/* End PBXGroup section */

/* Begin PBXNativeTarget section */
		7180B416262F5E8400EA4146 /* ImagesTableProgress */ = {
			isa = PBXNativeTarget;
			buildConfigurationList = 7180B42B262F5E8800EA4146 /* Build configuration list for PBXNativeTarget "ImagesTableProgress" */;
			buildPhases = (
				7180B413262F5E8400EA4146 /* Sources */,
				7180B414262F5E8400EA4146 /* Frameworks */,
				7180B415262F5E8400EA4146 /* Resources */,
			);
			buildRules = (
			);
			dependencies = (
			);
			name = ImagesTableProgress;
			productName = ImagesTableProgress;
			productReference = 7180B417262F5E8400EA4146 /* ImagesTableProgress.app */;
			productType = "com.apple.product-type.application";
		};
/* End PBXNativeTarget section */

/* Begin PBXProject section */
		7180B40F262F5E8400EA4146 /* Project object */ = {
			isa = PBXProject;
			attributes = {
				LastSwiftUpdateCheck = 1230;
				LastUpgradeCheck = 1230;
				TargetAttributes = {
					7180B416262F5E8400EA4146 = {
						CreatedOnToolsVersion = 12.3;
					};
				};
			};
			buildConfigurationList = 7180B412262F5E8400EA4146 /* Build configuration list for PBXProject "ImagesTableProgress" */;
			compatibilityVersion = "Xcode 9.3";
			developmentRegion = en;
			hasScannedForEncodings = 0;
			knownRegions = (
				en,
				Base,
			);
			mainGroup = 7180B40E262F5E8400EA4146;
			productRefGroup = 7180B418262F5E8400EA4146 /* Products */;
			projectDirPath = "";
			projectRoot = "";
			targets = (
				7180B416262F5E8400EA4146 /* ImagesTableProgress */,
			);
		};
/* End PBXProject section */

/* Begin PBXResourcesBuildPhase section */
		7180B415262F5E8400EA4146 /* Resources */ = {
			isa = PBXResourcesBuildPhase;
			buildActionMask = 2147483647;
			files = (
				7180B427262F5E8800EA4146 /* LaunchScreen.storyboard in Resources */,
				7180B424262F5E8800EA4146 /* Assets.xcassets in Resources */,
			);
			runOnlyForDeploymentPostprocessing = 0;
		};
/* End PBXResourcesBuildPhase section */

/* Begin PBXSourcesBuildPhase section */
		7180B413262F5E8400EA4146 /* Sources */ = {
			isa = PBXSourcesBuildPhase;
			buildActionMask = 2147483647;
			files = (
				7180B4572630239500EA4146 /* PBProgressView.swift in Sources */,
				7180B455262FF26100EA4146 /* NetworkManager.swift in Sources */,
				7180B41F262F5E8400EA4146 /* ListVC.swift in Sources */,
				7180B459263047FF00EA4146 /* PBButton.swift in Sources */,
				7180B41B262F5E8400EA4146 /* AppDelegate.swift in Sources */,
				7180B44E262F682D00EA4146 /* PBImageView.swift in Sources */,
				7180B445262F624F00EA4146 /* PBTitleLabel.swift in Sources */,
				7180B452262F7A8600EA4146 /* Post.swift in Sources */,
				7180B443262F624300EA4146 /* PostCell.swift in Sources */,
				7180B41D262F5E8400EA4146 /* SceneDelegate.swift in Sources */,
			);
			runOnlyForDeploymentPostprocessing = 0;
		};
/* End PBXSourcesBuildPhase section */

/* Begin PBXVariantGroup section */
		7180B425262F5E8800EA4146 /* LaunchScreen.storyboard */ = {
			isa = PBXVariantGroup;
			children = (
				7180B426262F5E8800EA4146 /* Base */,
			);
			name = LaunchScreen.storyboard;
			sourceTree = "<group>";
		};
/* End PBXVariantGroup section */

/* Begin XCBuildConfiguration section */
		7180B429262F5E8800EA4146 /* Debug */ = {
			isa = XCBuildConfiguration;
			buildSettings = {
				ALWAYS_SEARCH_USER_PATHS = NO;
				CLANG_ANALYZER_NONNULL = YES;
				CLANG_ANALYZER_NUMBER_OBJECT_CONVERSION = YES_AGGRESSIVE;
				CLANG_CXX_LANGUAGE_STANDARD = "gnu++14";
				CLANG_CXX_LIBRARY = "libc++";
				CLANG_ENABLE_MODULES = YES;
				CLANG_ENABLE_OBJC_ARC = YES;
				CLANG_ENABLE_OBJC_WEAK = YES;
				CLANG_WARN_BLOCK_CAPTURE_AUTORELEASING = YES;
				CLANG_WARN_BOOL_CONVERSION = YES;
				CLANG_WARN_COMMA = YES;
				CLANG_WARN_CONSTANT_CONVERSION = YES;
				CLANG_WARN_DEPRECATED_OBJC_IMPLEMENTATIONS = YES;
				CLANG_WARN_DIRECT_OBJC_ISA_USAGE = YES_ERROR;
				CLANG_WARN_DOCUMENTATION_COMMENTS = YES;
				CLANG_WARN_EMPTY_BODY = YES;
				CLANG_WARN_ENUM_CONVERSION = YES;
				CLANG_WARN_INFINITE_RECURSION = YES;
				CLANG_WARN_INT_CONVERSION = YES;
				CLANG_WARN_NON_LITERAL_NULL_CONVERSION = YES;
				CLANG_WARN_OBJC_IMPLICIT_RETAIN_SELF = YES;
				CLANG_WARN_OBJC_LITERAL_CONVERSION = YES;
				CLANG_WARN_OBJC_ROOT_CLASS = YES_ERROR;
				CLANG_WARN_QUOTED_INCLUDE_IN_FRAMEWORK_HEADER = YES;
				CLANG_WARN_RANGE_LOOP_ANALYSIS = YES;
				CLANG_WARN_STRICT_PROTOTYPES = YES;
				CLANG_WARN_SUSPICIOUS_MOVE = YES;
				CLANG_WARN_UNGUARDED_AVAILABILITY = YES_AGGRESSIVE;
				CLANG_WARN_UNREACHABLE_CODE = YES;
				CLANG_WARN__DUPLICATE_METHOD_MATCH = YES;
				COPY_PHASE_STRIP = NO;
				DEBUG_INFORMATION_FORMAT = dwarf;
				ENABLE_STRICT_OBJC_MSGSEND = YES;
				ENABLE_TESTABILITY = YES;
				GCC_C_LANGUAGE_STANDARD = gnu11;
				GCC_DYNAMIC_NO_PIC = NO;
				GCC_NO_COMMON_BLOCKS = YES;
				GCC_OPTIMIZATION_LEVEL = 0;
				GCC_PREPROCESSOR_DEFINITIONS = (
					"DEBUG=1",
					"$(inherited)",
				);
				GCC_WARN_64_TO_32_BIT_CONVERSION = YES;
				GCC_WARN_ABOUT_RETURN_TYPE = YES_ERROR;
				GCC_WARN_UNDECLARED_SELECTOR = YES;
				GCC_WARN_UNINITIALIZED_AUTOS = YES_AGGRESSIVE;
				GCC_WARN_UNUSED_FUNCTION = YES;
				GCC_WARN_UNUSED_VARIABLE = YES;
				IPHONEOS_DEPLOYMENT_TARGET = 14.3;
				MTL_ENABLE_DEBUG_INFO = INCLUDE_SOURCE;
				MTL_FAST_MATH = YES;
				ONLY_ACTIVE_ARCH = YES;
				SDKROOT = iphoneos;
				SWIFT_ACTIVE_COMPILATION_CONDITIONS = DEBUG;
				SWIFT_OPTIMIZATION_LEVEL = "-Onone";
			};
			name = Debug;
		};
		7180B42A262F5E8800EA4146 /* Release */ = {
			isa = XCBuildConfiguration;
			buildSettings = {
				ALWAYS_SEARCH_USER_PATHS = NO;
				CLANG_ANALYZER_NONNULL = YES;
				CLANG_ANALYZER_NUMBER_OBJECT_CONVERSION = YES_AGGRESSIVE;
				CLANG_CXX_LANGUAGE_STANDARD = "gnu++14";
				CLANG_CXX_LIBRARY = "libc++";
				CLANG_ENABLE_MODULES = YES;
				CLANG_ENABLE_OBJC_ARC = YES;
				CLANG_ENABLE_OBJC_WEAK = YES;
				CLANG_WARN_BLOCK_CAPTURE_AUTORELEASING = YES;
				CLANG_WARN_BOOL_CONVERSION = YES;
				CLANG_WARN_COMMA = YES;
				CLANG_WARN_CONSTANT_CONVERSION = YES;
				CLANG_WARN_DEPRECATED_OBJC_IMPLEMENTATIONS = YES;
				CLANG_WARN_DIRECT_OBJC_ISA_USAGE = YES_ERROR;
				CLANG_WARN_DOCUMENTATION_COMMENTS = YES;
				CLANG_WARN_EMPTY_BODY = YES;
				CLANG_WARN_ENUM_CONVERSION = YES;
				CLANG_WARN_INFINITE_RECURSION = YES;
				CLANG_WARN_INT_CONVERSION = YES;
				CLANG_WARN_NON_LITERAL_NULL_CONVERSION = YES;
				CLANG_WARN_OBJC_IMPLICIT_RETAIN_SELF = YES;
				CLANG_WARN_OBJC_LITERAL_CONVERSION = YES;
				CLANG_WARN_OBJC_ROOT_CLASS = YES_ERROR;
				CLANG_WARN_QUOTED_INCLUDE_IN_FRAMEWORK_HEADER = YES;
				CLANG_WARN_RANGE_LOOP_ANALYSIS = YES;
				CLANG_WARN_STRICT_PROTOTYPES = YES;
				CLANG_WARN_SUSPICIOUS_MOVE = YES;
				CLANG_WARN_UNGUARDED_AVAILABILITY = YES_AGGRESSIVE;
				CLANG_WARN_UNREACHABLE_CODE = YES;
				CLANG_WARN__DUPLICATE_METHOD_MATCH = YES;
				COPY_PHASE_STRIP = NO;
				DEBUG_INFORMATION_FORMAT = "dwarf-with-dsym";
				ENABLE_NS_ASSERTIONS = NO;
				ENABLE_STRICT_OBJC_MSGSEND = YES;
				GCC_C_LANGUAGE_STANDARD = gnu11;
				GCC_NO_COMMON_BLOCKS = YES;
				GCC_WARN_64_TO_32_BIT_CONVERSION = YES;
				GCC_WARN_ABOUT_RETURN_TYPE = YES_ERROR;
				GCC_WARN_UNDECLARED_SELECTOR = YES;
				GCC_WARN_UNINITIALIZED_AUTOS = YES_AGGRESSIVE;
				GCC_WARN_UNUSED_FUNCTION = YES;
				GCC_WARN_UNUSED_VARIABLE = YES;
				IPHONEOS_DEPLOYMENT_TARGET = 14.3;
				MTL_ENABLE_DEBUG_INFO = NO;
				MTL_FAST_MATH = YES;
				SDKROOT = iphoneos;
				SWIFT_COMPILATION_MODE = wholemodule;
				SWIFT_OPTIMIZATION_LEVEL = "-O";
				VALIDATE_PRODUCT = YES;
			};
			name = Release;
		};
		7180B42C262F5E8800EA4146 /* Debug */ = {
			isa = XCBuildConfiguration;
			buildSettings = {
				ASSETCATALOG_COMPILER_APPICON_NAME = AppIcon;
				ASSETCATALOG_COMPILER_GLOBAL_ACCENT_COLOR_NAME = AccentColor;
				CODE_SIGN_STYLE = Automatic;
				DEVELOPMENT_TEAM = AMNN4SX6JU;
				INFOPLIST_FILE = ImagesTableProgress/Info.plist;
				LD_RUNPATH_SEARCH_PATHS = (
					"$(inherited)",
					"@executable_path/Frameworks",
				);
				PRODUCT_BUNDLE_IDENTIFIER = com.mh.ImagesTableProgress;
				PRODUCT_NAME = "$(TARGET_NAME)";
				SWIFT_VERSION = 5.0;
				TARGETED_DEVICE_FAMILY = "1,2";
			};
			name = Debug;
		};
		7180B42D262F5E8800EA4146 /* Release */ = {
			isa = XCBuildConfiguration;
			buildSettings = {
				ASSETCATALOG_COMPILER_APPICON_NAME = AppIcon;
				ASSETCATALOG_COMPILER_GLOBAL_ACCENT_COLOR_NAME = AccentColor;
				CODE_SIGN_STYLE = Automatic;
				DEVELOPMENT_TEAM = AMNN4SX6JU;
				INFOPLIST_FILE = ImagesTableProgress/Info.plist;
				LD_RUNPATH_SEARCH_PATHS = (
					"$(inherited)",
					"@executable_path/Frameworks",
				);
				PRODUCT_BUNDLE_IDENTIFIER = com.mh.ImagesTableProgress;
				PRODUCT_NAME = "$(TARGET_NAME)";
				SWIFT_VERSION = 5.0;
				TARGETED_DEVICE_FAMILY = "1,2";
			};
			name = Release;
		};
/* End XCBuildConfiguration section */

/* Begin XCConfigurationList section */
		7180B412262F5E8400EA4146 /* Build configuration list for PBXProject "ImagesTableProgress" */ = {
			isa = XCConfigurationList;
			buildConfigurations = (
				7180B429262F5E8800EA4146 /* Debug */,
				7180B42A262F5E8800EA4146 /* Release */,
			);
			defaultConfigurationIsVisible = 0;
			defaultConfigurationName = Release;
		};
		7180B42B262F5E8800EA4146 /* Build configuration list for PBXNativeTarget "ImagesTableProgress" */ = {
			isa = XCConfigurationList;
			buildConfigurations = (
				7180B42C262F5E8800EA4146 /* Debug */,
				7180B42D262F5E8800EA4146 /* Release */,
			);
			defaultConfigurationIsVisible = 0;
			defaultConfigurationName = Release;
		};
/* End XCConfigurationList section */
	};
	rootObject = 7180B40F262F5E8400EA4146 /* Project object */;
}
